
Microsoft Visual Studio Solution File, Format Version 11.00
# Visual C++ Express 2010
Project("{8BC9CEB8-8B4A-11D0-8D11-00A0C91BC942}") = "stk1", "stk1\stk1.vcxproj", "{0E91B335-6E26-41BE-9BAD-717D92C912ED}"
EndProject
Global
	GlobalSection(SolutionConfigurationPlatforms) = preSolution
		Debug|Win32 = Debug|Win32
		Release|Win32 = Release|Win32
	EndGlobalSection
	GlobalSection(ProjectConfigurationPlatforms) = postSolution
		{0E91B335-6E26-41BE-9BAD-717D92C912ED}.Debug|Win32.ActiveCfg = Debug|Win32
		{0E91B335-6E26-41BE-9BAD-717D92C912ED}.Debug|Win32.Build.0 = Debug|Win32
		{0E91B335-6E26-41BE-9BAD-717D92C912ED}.Release|Win32.ActiveCfg = Release|Win32
		{0E91B335-6E26-41BE-9BAD-717D92C912ED}.Release|Win32.Build.0 = Release|Win32
	EndGlobalSection
	GlobalSection(SolutionProperties) = preSolution
		HideSolutionNode = FALSE
	EndGlobalSection
EndGlobal
